
Microsoft Visual Studio Solution File, Format Version 12.00
# Visual Studio Version 17
VisualStudioVersion = 17.5.002.0
MinimumVisualStudioVersion = 10.0.40219.1
Project("{9A19103F-16F7-4668-BE54-9A1E7A4F7556}") = "parser", "parser.csproj", "{16F07AAB-24A7-4100-B647-0C174EA2621A}"
EndProject
Global
	GlobalSection(SolutionConfigurationPlatforms) = preSolution
		Debug|Any CPU = Debug|Any CPU
		Release|Any CPU = Release|Any CPU
	EndGlobalSection
	GlobalSection(ProjectConfigurationPlatforms) = postSolution
		{16F07AAB-24A7-4100-B647-0C174EA2621A}.Debug|Any CPU.ActiveCfg = Debug|Any CPU
		{16F07AAB-24A7-4100-B647-0C174EA2621A}.Debug|Any CPU.Build.0 = Debug|Any CPU
		{16F07AAB-24A7-4100-B647-0C174EA2621A}.Release|Any CPU.ActiveCfg = Release|Any CPU
		{16F07AAB-24A7-4100-B647-0C174EA2621A}.Release|Any CPU.Build.0 = Release|Any CPU
	EndGlobalSection
	GlobalSection(SolutionProperties) = preSolution
		HideSolutionNode = FALSE
	EndGlobalSection
	GlobalSection(ExtensibilityGlobals) = postSolution
		SolutionGuid = {223137C7-39C8-4414-A5BE-E3566E08EA6B}
	EndGlobalSection
EndGlobal
